github.com/fsnotify/fsnotify v1.9.0 h1:2Ml+OJNzbYCTzsxtv8vKSFD9PbJjmhYF14k/jKC7S9k=
github.com/fsnotify/fsnotify v1.9.0/go.mod h1:8jBTzvmWwFyi3Pb8djgCCO5IBqzKJ/Jwo8TRcHyHii0=
github.com/odvcencio/gotreesitter v0.9.2 h1:ZROpRS+bTcC1mwofBp53l66Jv00FH0ccViSwGVmaBBM=
github.com/odvcencio/gotreesitter v0.9.2/go.mod h1:Sx+iYJBfw5xSWkSttLSuFvguJctlH+ma1BTxZ0MPCqo=
github.com/odvcencio/gotreesitter v0.10.0 h1:JqkkMFv8UwWMogr0VEmMMgcv2fllfrMIone7yGfc+ZY=
github.com/odvcencio/gotreesitter v0.10.0/go.mod h1:Sx+iYJBfw5xSWkSttLSuFvguJctlH+ma1BTxZ0MPCqo=
golang.org/x/sys v0.13.0 h1:Af8nKPmuFypiUBjVoU9V20FiaFXOcuZI21p0ycVYYGE=
golang.org/x/sys v0.13.0/go.mod h1:oPkhp1MJrh7nUepCBck5+mAzfO9JrbApNNgaTdGDITg=
